
Microsoft Visual Studio Solution File, Format Version 12.00
# Visual Studio 15
VisualStudioVersion = 15.0.26228.4
MinimumVisualStudioVersion = 10.0.40219.1
Project("{FAE04EC0-301F-11D3-BF4B-00C04F79EFBC}") = "HPC-POS", "HPC-POS\HPC-POS\HPC-POS.csproj", "{689326A4-38CC-433D-B221-5FADB1B3BA2C}"
EndProject
Project("{2150E333-8FDC-42A3-9474-1A3956D46DE8}") = "01-Web", "01-Web", "{B9854B92-8D67-4944-9C92-83B22EDA92AE}"
EndProject
Project("{2150E333-8FDC-42A3-9474-1A3956D46DE8}") = "02-Business", "02-Business", "{77FD539E-259B-407A-992A-C36007D2C195}"
EndProject
Project("{2150E333-8FDC-42A3-9474-1A3956D46DE8}") = "03-Services", "03-Services", "{2D296E74-D972-42D2-B0D3-440458285F0D}"
EndProject
Project("{2150E333-8FDC-42A3-9474-1A3956D46DE8}") = "99-Utils", "99-Utils", "{AC1CC3E3-E286-447D-9522-19B7E3A3C28F}"
EndProject
Project("{FAE04EC0-301F-11D3-BF4B-00C04F79EFBC}") = "HPC-POS.Utils", "HPC-POS\HPC-POS.Utils\HPC-POS.Utils.csproj", "{96F560AE-8CA4-4673-BDE8-E3B994E35625}"
EndProject
Project("{FAE04EC0-301F-11D3-BF4B-00C04F79EFBC}") = "HPC-POS.Web", "HPC-POS\HPC-POS.Web\HPC-POS.Web.csproj", "{6AFD76D5-E62A-4042-93F1-D5D53862A161}"
EndProject
Project("{FAE04EC0-301F-11D3-BF4B-00C04F79EFBC}") = "HPC-POS.Common.DataSvc", "HPC-POS\HPC-POS.Common.DataSvc\HPC-POS.Common.DataSvc.csproj", "{CB3FEA96-7292-4F9B-BCA7-D2BDDB8DF5D7}"
EndProject
Project("{FAE04EC0-301F-11D3-BF4B-00C04F79EFBC}") = "HPC-POS.Common.Api", "HPC-POS\HPC-POS.Common.Api\HPC-POS.Common.Api.csproj", "{9C216964-F264-4874-AA98-9669992564E7}"
EndProject
Project("{FAE04EC0-301F-11D3-BF4B-00C04F79EFBC}") = "HPC-POS.Master.DataSvc", "HPC-POS\HPC-POS.Master.DataSvc1\HPC-POS.Master.DataSvc.csproj", "{5343CCA5-679A-4477-90FF-63659FB91EBD}"
EndProject
Project("{FAE04EC0-301F-11D3-BF4B-00C04F79EFBC}") = "HPC-POS.Master.Api", "HPC-POS\HPC-POS.Master.Api\HPC-POS.Master.Api.csproj", "{00AD6DA8-49B3-48D8-A102-C7BD0405D795}"
EndProject
Global
	GlobalSection(SolutionConfigurationPlatforms) = preSolution
		Debug|Any CPU = Debug|Any CPU
		Release|Any CPU = Release|Any CPU
	EndGlobalSection
	GlobalSection(ProjectConfigurationPlatforms) = postSolution
		{689326A4-38CC-433D-B221-5FADB1B3BA2C}.Debug|Any CPU.ActiveCfg = Debug|Any CPU
		{689326A4-38CC-433D-B221-5FADB1B3BA2C}.Debug|Any CPU.Build.0 = Debug|Any CPU
		{689326A4-38CC-433D-B221-5FADB1B3BA2C}.Release|Any CPU.ActiveCfg = Release|Any CPU
		{689326A4-38CC-433D-B221-5FADB1B3BA2C}.Release|Any CPU.Build.0 = Release|Any CPU
		{96F560AE-8CA4-4673-BDE8-E3B994E35625}.Debug|Any CPU.ActiveCfg = Debug|Any CPU
		{96F560AE-8CA4-4673-BDE8-E3B994E35625}.Debug|Any CPU.Build.0 = Debug|Any CPU
		{96F560AE-8CA4-4673-BDE8-E3B994E35625}.Release|Any CPU.ActiveCfg = Release|Any CPU
		{96F560AE-8CA4-4673-BDE8-E3B994E35625}.Release|Any CPU.Build.0 = Release|Any CPU
		{6AFD76D5-E62A-4042-93F1-D5D53862A161}.Debug|Any CPU.ActiveCfg = Debug|Any CPU
		{6AFD76D5-E62A-4042-93F1-D5D53862A161}.Debug|Any CPU.Build.0 = Debug|Any CPU
		{6AFD76D5-E62A-4042-93F1-D5D53862A161}.Release|Any CPU.ActiveCfg = Release|Any CPU
		{6AFD76D5-E62A-4042-93F1-D5D53862A161}.Release|Any CPU.Build.0 = Release|Any CPU
		{CB3FEA96-7292-4F9B-BCA7-D2BDDB8DF5D7}.Debug|Any CPU.ActiveCfg = Debug|Any CPU
		{CB3FEA96-7292-4F9B-BCA7-D2BDDB8DF5D7}.Debug|Any CPU.Build.0 = Debug|Any CPU
		{CB3FEA96-7292-4F9B-BCA7-D2BDDB8DF5D7}.Release|Any CPU.ActiveCfg = Release|Any CPU
		{CB3FEA96-7292-4F9B-BCA7-D2BDDB8DF5D7}.Release|Any CPU.Build.0 = Release|Any CPU
		{9C216964-F264-4874-AA98-9669992564E7}.Debug|Any CPU.ActiveCfg = Debug|Any CPU
		{9C216964-F264-4874-AA98-9669992564E7}.Debug|Any CPU.Build.0 = Debug|Any CPU
		{9C216964-F264-4874-AA98-9669992564E7}.Release|Any CPU.ActiveCfg = Release|Any CPU
		{9C216964-F264-4874-AA98-9669992564E7}.Release|Any CPU.Build.0 = Release|Any CPU
		{5343CCA5-679A-4477-90FF-63659FB91EBD}.Debug|Any CPU.ActiveCfg = Debug|Any CPU
		{5343CCA5-679A-4477-90FF-63659FB91EBD}.Debug|Any CPU.Build.0 = Debug|Any CPU
		{5343CCA5-679A-4477-90FF-63659FB91EBD}.Release|Any CPU.ActiveCfg = Release|Any CPU
		{5343CCA5-679A-4477-90FF-63659FB91EBD}.Release|Any CPU.Build.0 = Release|Any CPU
		{00AD6DA8-49B3-48D8-A102-C7BD0405D795}.Debug|Any CPU.ActiveCfg = Debug|Any CPU
		{00AD6DA8-49B3-48D8-A102-C7BD0405D795}.Debug|Any CPU.Build.0 = Debug|Any CPU
		{00AD6DA8-49B3-48D8-A102-C7BD0405D795}.Release|Any CPU.ActiveCfg = Release|Any CPU
		{00AD6DA8-49B3-48D8-A102-C7BD0405D795}.Release|Any CPU.Build.0 = Release|Any CPU
	EndGlobalSection
	GlobalSection(SolutionProperties) = preSolution
		HideSolutionNode = FALSE
	EndGlobalSection
	GlobalSection(NestedProjects) = preSolution
		{689326A4-38CC-433D-B221-5FADB1B3BA2C} = {B9854B92-8D67-4944-9C92-83B22EDA92AE}
		{96F560AE-8CA4-4673-BDE8-E3B994E35625} = {AC1CC3E3-E286-447D-9522-19B7E3A3C28F}
		{6AFD76D5-E62A-4042-93F1-D5D53862A161} = {AC1CC3E3-E286-447D-9522-19B7E3A3C28F}
		{CB3FEA96-7292-4F9B-BCA7-D2BDDB8DF5D7} = {2D296E74-D972-42D2-B0D3-440458285F0D}
		{9C216964-F264-4874-AA98-9669992564E7} = {77FD539E-259B-407A-992A-C36007D2C195}
		{5343CCA5-679A-4477-90FF-63659FB91EBD} = {2D296E74-D972-42D2-B0D3-440458285F0D}
		{00AD6DA8-49B3-48D8-A102-C7BD0405D795} = {77FD539E-259B-407A-992A-C36007D2C195}
	EndGlobalSection
EndGlobal
